
Microsoft Visual Studio Solution File, Format Version 12.00
# Visual Studio Version 16
VisualStudioVersion = 16.0.31129.286
MinimumVisualStudioVersion = 10.0.40219.1
Project("{FAE04EC0-301F-11D3-BF4B-00C04F79EFBC}") = "RecipeBook.Android", "RecipeBook.Android\RecipeBook.Android.csproj", "{1300F2B6-D235-4F97-869E-265344EC9C7C}"
EndProject
Project("{FAE04EC0-301F-11D3-BF4B-00C04F79EFBC}") = "RecipeBook.iOS", "RecipeBook.iOS\RecipeBook.iOS.csproj", "{91285B77-418D-4386-BBFA-B8E21D5423B5}"
EndProject
Project("{FAE04EC0-301F-11D3-BF4B-00C04F79EFBC}") = "RecipeBook", "RecipeBook\RecipeBook.csproj", "{E55F4D12-DD80-43A6-A432-579242C396AA}"
EndProject
Global
	GlobalSection(SolutionConfigurationPlatforms) = preSolution
		Debug|Any CPU = Debug|Any CPU
		Debug|iPhone = Debug|iPhone
		Debug|iPhoneSimulator = Debug|iPhoneSimulator
		Release|Any CPU = Release|Any CPU
		Release|iPhone = Release|iPhone
		Release|iPhoneSimulator = Release|iPhoneSimulator
	EndGlobalSection
	GlobalSection(ProjectConfigurationPlatforms) = postSolution
		{1300F2B6-D235-4F97-869E-265344EC9C7C}.Debug|Any CPU.ActiveCfg = Debug|Any CPU
		{1300F2B6-D235-4F97-869E-265344EC9C7C}.Debug|Any CPU.Build.0 = Debug|Any CPU
		{1300F2B6-D235-4F97-869E-265344EC9C7C}.Debug|Any CPU.Deploy.0 = Debug|Any CPU
		{1300F2B6-D235-4F97-869E-265344EC9C7C}.Debug|iPhone.ActiveCfg = Debug|Any CPU
		{1300F2B6-D235-4F97-869E-265344EC9C7C}.Debug|iPhone.Build.0 = Debug|Any CPU
		{1300F2B6-D235-4F97-869E-265344EC9C7C}.Debug|iPhone.Deploy.0 = Debug|Any CPU
		{1300F2B6-D235-4F97-869E-265344EC9C7C}.Debug|iPhoneSimulator.ActiveCfg = Debug|Any CPU
		{1300F2B6-D235-4F97-869E-265344EC9C7C}.Debug|iPhoneSimulator.Build.0 = Debug|Any CPU
		{1300F2B6-D235-4F97-869E-265344EC9C7C}.Debug|iPhoneSimulator.Deploy.0 = Debug|Any CPU
		{1300F2B6-D235-4F97-869E-265344EC9C7C}.Release|Any CPU.ActiveCfg = Release|Any CPU
		{1300F2B6-D235-4F97-869E-265344EC9C7C}.Release|Any CPU.Build.0 = Release|Any CPU
		{1300F2B6-D235-4F97-869E-265344EC9C7C}.Release|Any CPU.Deploy.0 = Release|Any CPU
		{1300F2B6-D235-4F97-869E-265344EC9C7C}.Release|iPhone.ActiveCfg = Release|Any CPU
		{1300F2B6-D235-4F97-869E-265344EC9C7C}.Release|iPhone.Build.0 = Release|Any CPU
		{1300F2B6-D235-4F97-869E-265344EC9C7C}.Release|iPhone.Deploy.0 = Release|Any CPU
		{1300F2B6-D235-4F97-869E-265344EC9C7C}.Release|iPhoneSimulator.ActiveCfg = Release|Any CPU
		{1300F2B6-D235-4F97-869E-265344EC9C7C}.Release|iPhoneSimulator.Build.0 = Release|Any CPU
		{1300F2B6-D235-4F97-869E-265344EC9C7C}.Release|iPhoneSimulator.Deploy.0 = Release|Any CPU
		{91285B77-418D-4386-BBFA-B8E21D5423B5}.Debug|Any CPU.ActiveCfg = Debug|iPhone
		{91285B77-418D-4386-BBFA-B8E21D5423B5}.Debug|Any CPU.Build.0 = Debug|iPhone
		{91285B77-418D-4386-BBFA-B8E21D5423B5}.Debug|Any CPU.Deploy.0 = Debug|iPhone
		{91285B77-418D-4386-BBFA-B8E21D5423B5}.Debug|iPhone.ActiveCfg = Debug|iPhone
		{91285B77-418D-4386-BBFA-B8E21D5423B5}.Debug|iPhone.Build.0 = Debug|iPhone
		{91285B77-418D-4386-BBFA-B8E21D5423B5}.Debug|iPhone.Deploy.0 = Debug|iPhone
		{91285B77-418D-4386-BBFA-B8E21D5423B5}.Debug|iPhoneSimulator.ActiveCfg = Debug|iPhoneSimulator
		{91285B77-418D-4386-BBFA-B8E21D5423B5}.Debug|iPhoneSimulator.Build.0 = Debug|iPhoneSimulator
		{91285B77-418D-4386-BBFA-B8E21D5423B5}.Debug|iPhoneSimulator.Deploy.0 = Debug|iPhoneSimulator
		{91285B77-418D-4386-BBFA-B8E21D5423B5}.Release|Any CPU.ActiveCfg = Release|iPhoneSimulator
		{91285B77-418D-4386-BBFA-B8E21D5423B5}.Release|Any CPU.Build.0 = Release|iPhoneSimulator
		{91285B77-418D-4386-BBFA-B8E21D5423B5}.Release|Any CPU.Deploy.0 = Release|iPhoneSimulator
		{91285B77-418D-4386-BBFA-B8E21D5423B5}.Release|iPhone.ActiveCfg = Release|iPhone
		{91285B77-418D-4386-BBFA-B8E21D5423B5}.Release|iPhone.Build.0 = Release|iPhone
		{91285B77-418D-4386-BBFA-B8E21D5423B5}.Release|iPhone.Deploy.0 = Release|iPhone
		{91285B77-418D-4386-BBFA-B8E21D5423B5}.Release|iPhoneSimulator.ActiveCfg = Release|iPhoneSimulator
		{91285B77-418D-4386-BBFA-B8E21D5423B5}.Release|iPhoneSimulator.Build.0 = Release|iPhoneSimulator
		{91285B77-418D-4386-BBFA-B8E21D5423B5}.Release|iPhoneSimulator.Deploy.0 = Release|iPhoneSimulator
		{E55F4D12-DD80-43A6-A432-579242C396AA}.Debug|Any CPU.ActiveCfg = Debug|Any CPU
		{E55F4D12-DD80-43A6-A432-579242C396AA}.Debug|Any CPU.Build.0 = Debug|Any CPU
		{E55F4D12-DD80-43A6-A432-579242C396AA}.Debug|Any CPU.Deploy.0 = Debug|Any CPU
		{E55F4D12-DD80-43A6-A432-579242C396AA}.Debug|iPhone.ActiveCfg = Debug|Any CPU
		{E55F4D12-DD80-43A6-A432-579242C396AA}.Debug|iPhone.Build.0 = Debug|Any CPU
		{E55F4D12-DD80-43A6-A432-579242C396AA}.Debug|iPhone.Deploy.0 = Debug|Any CPU
		{E55F4D12-DD80-43A6-A432-579242C396AA}.Debug|iPhoneSimulator.ActiveCfg = Debug|Any CPU
		{E55F4D12-DD80-43A6-A432-579242C396AA}.Debug|iPhoneSimulator.Build.0 = Debug|Any CPU
		{E55F4D12-DD80-43A6-A432-579242C396AA}.Debug|iPhoneSimulator.Deploy.0 = Debug|Any CPU
		{E55F4D12-DD80-43A6-A432-579242C396AA}.Release|Any CPU.ActiveCfg = Release|Any CPU
		{E55F4D12-DD80-43A6-A432-579242C396AA}.Release|Any CPU.Build.0 = Release|Any CPU
		{E55F4D12-DD80-43A6-A432-579242C396AA}.Release|Any CPU.Deploy.0 = Release|Any CPU
		{E55F4D12-DD80-43A6-A432-579242C396AA}.Release|iPhone.ActiveCfg = Release|Any CPU
		{E55F4D12-DD80-43A6-A432-579242C396AA}.Release|iPhone.Build.0 = Release|Any CPU
		{E55F4D12-DD80-43A6-A432-579242C396AA}.Release|iPhone.Deploy.0 = Release|Any CPU
		{E55F4D12-DD80-43A6-A432-579242C396AA}.Release|iPhoneSimulator.ActiveCfg = Release|Any CPU
		{E55F4D12-DD80-43A6-A432-579242C396AA}.Release|iPhoneSimulator.Build.0 = Release|Any CPU
		{E55F4D12-DD80-43A6-A432-579242C396AA}.Release|iPhoneSimulator.Deploy.0 = Release|Any CPU
	EndGlobalSection
	GlobalSection(SolutionProperties) = preSolution
		HideSolutionNode = FALSE
	EndGlobalSection
	GlobalSection(ExtensibilityGlobals) = postSolution
		SolutionGuid = {81396CC7-8055-43FE-BE5C-2AB150412696}
	EndGlobalSection
EndGlobal
